
Microsoft Visual Studio Solution File, Format Version 12.00
# Visual Studio Version 18
VisualStudioVersion = 18.5.11723.231 stable
MinimumVisualStudioVersion = 10.0.40219.1
Project("{FAE04EC0-301F-11D3-BF4B-00C04F79EFBC}") = "MafFirstAgent", "MafFirstAgent.csproj", "{2B837408-8068-EFF2-578F-C8D286EE0D0A}"
EndProject
Global
	GlobalSection(SolutionConfigurationPlatforms) = preSolution
		Debug|Any CPU = Debug|Any CPU
		Release|Any CPU = Release|Any CPU
	EndGlobalSection
	GlobalSection(ProjectConfigurationPlatforms) = postSolution
		{2B837408-8068-EFF2-578F-C8D286EE0D0A}.Debug|Any CPU.ActiveCfg = Debug|Any CPU
		{2B837408-8068-EFF2-578F-C8D286EE0D0A}.Debug|Any CPU.Build.0 = Debug|Any CPU
		{2B837408-8068-EFF2-578F-C8D286EE0D0A}.Release|Any CPU.ActiveCfg = Release|Any CPU
		{2B837408-8068-EFF2-578F-C8D286EE0D0A}.Release|Any CPU.Build.0 = Release|Any CPU
	EndGlobalSection
	GlobalSection(SolutionProperties) = preSolution
		HideSolutionNode = FALSE
	EndGlobalSection
	GlobalSection(ExtensibilityGlobals) = postSolution
		SolutionGuid = {F8DEF8A1-82D1-4F99-82CF-26742ADC8CCB}
	EndGlobalSection
EndGlobal
